{
  "version": 4,
  "terraform_version": "1.6.6",
  "serial": 4,
  "lineage": "ee8fddb6-4206-9380-bfb7-51abc83e2417",
  "outputs": {
    "vpc_self_link": {
      "value": "https://www.googleapis.com/compute/v1/projects/stagging-410708/global/networks/vpc-staging",
      "type": "string"
    }
  },
  "resources": [
    {
      "mode": "managed",
      "type": "google_compute_network",
      "name": "default",
      "provider": "provider[\"registry.terraform.io/hashicorp/google\"]",
      "instances": [
        {
          "schema_version": 0,
          "attributes": {
            "auto_create_subnetworks": false,
            "delete_default_routes_on_create": false,
            "description": "",
            "enable_ula_internal_ipv6": false,
            "gateway_ipv4": "",
            "id": "projects/stagging-410708/global/networks/vpc-staging",
            "internal_ipv6_range": "",
            "mtu": 0,
            "name": "vpc-staging",
            "network_firewall_policy_enforcement_order": "AFTER_CLASSIC_FIREWALL",
            "numeric_id": "2009011285587436750",
            "project": "stagging-410708",
            "routing_mode": "REGIONAL",
            "self_link": "https://www.googleapis.com/compute/v1/projects/stagging-410708/global/networks/vpc-staging",
            "timeouts": null
          },
          "sensitive_attributes": [],
          "private": "eyJlMmJmYjczMC1lY2FhLTExZTYtOGY4OC0zNDM2M2JjN2M0YzAiOnsiY3JlYXRlIjoxMjAwMDAwMDAwMDAwLCJkZWxldGUiOjEyMDAwMDAwMDAwMDAsInVwZGF0ZSI6MTIwMDAwMDAwMDAwMH19"
        }
      ]
    },
    {
      "mode": "managed",
      "type": "google_compute_subnetwork",
      "name": "subnet-default",
      "provider": "provider[\"registry.terraform.io/hashicorp/google\"]",
      "instances": [
        {
          "schema_version": 0,
          "attributes": {
            "creation_timestamp": "2024-01-09T02:04:34.793-08:00",
            "description": "",
            "external_ipv6_prefix": "",
            "fingerprint": null,
            "gateway_address": "192.168.92.1",
            "id": "projects/stagging-410708/regions/asia-southeast2/subnetworks/vpc-staging",
            "internal_ipv6_prefix": "",
            "ip_cidr_range": "192.168.92.0/24",
            "ipv6_access_type": "",
            "ipv6_cidr_range": "",
            "log_config": [],
            "name": "vpc-staging",
            "network": "https://www.googleapis.com/compute/v1/projects/stagging-410708/global/networks/vpc-staging",
            "private_ip_google_access": false,
            "private_ipv6_google_access": "DISABLE_GOOGLE_ACCESS",
            "project": "stagging-410708",
            "purpose": "PRIVATE",
            "region": "asia-southeast2",
            "role": "",
            "secondary_ip_range": [],
            "self_link": "https://www.googleapis.com/compute/v1/projects/stagging-410708/regions/asia-southeast2/subnetworks/vpc-staging",
            "stack_type": "IPV4_ONLY",
            "timeouts": null
          },
          "sensitive_attributes": [],
          "private": "eyJlMmJmYjczMC1lY2FhLTExZTYtOGY4OC0zNDM2M2JjN2M0YzAiOnsiY3JlYXRlIjoxMjAwMDAwMDAwMDAwLCJkZWxldGUiOjEyMDAwMDAwMDAwMDAsInVwZGF0ZSI6MTIwMDAwMDAwMDAwMH19",
          "dependencies": [
            "google_compute_network.default"
          ]
        }
      ]
    }
  ],
  "check_results": null
}
